
Microsoft Visual Studio Solution File, Format Version 12.00
# Visual Studio Version 16
VisualStudioVersion = 16.0.29503.13
MinimumVisualStudioVersion = 10.0.40219.1
Project("{FAE04EC0-301F-11D3-BF4B-00C04F79EFBC}") = "Vendr.Checkout", "src\Vendr.Checkout\Vendr.Checkout.csproj", "{9BCCC352-CC88-49ED-AC2E-C3FF25F2C889}"
EndProject
Global
	GlobalSection(SolutionConfigurationPlatforms) = preSolution
		Debug|Any CPU = Debug|Any CPU
		Release|Any CPU = Release|Any CPU
	EndGlobalSection
	GlobalSection(ProjectConfigurationPlatforms) = postSolution
		{9BCCC352-CC88-49ED-AC2E-C3FF25F2C889}.Debug|Any CPU.ActiveCfg = Debug|Any CPU
		{9BCCC352-CC88-49ED-AC2E-C3FF25F2C889}.Debug|Any CPU.Build.0 = Debug|Any CPU
		{9BCCC352-CC88-49ED-AC2E-C3FF25F2C889}.Release|Any CPU.ActiveCfg = Release|Any CPU
		{9BCCC352-CC88-49ED-AC2E-C3FF25F2C889}.Release|Any CPU.Build.0 = Release|Any CPU
	EndGlobalSection
	GlobalSection(SolutionProperties) = preSolution
		HideSolutionNode = FALSE
	EndGlobalSection
	GlobalSection(ExtensibilityGlobals) = postSolution
		SolutionGuid = {669ECCEA-EC75-4217-9478-5E2FA597F62F}
	EndGlobalSection
EndGlobal
